
Microsoft Visual Studio Solution File, Format Version 12.00
# Visual Studio 15
VisualStudioVersion = 15.0.27428.2005
MinimumVisualStudioVersion = 10.0.40219.1
Project("{FAE04EC0-301F-11D3-BF4B-00C04F79EFBC}") = "Projecto-LDS", "Projecto-LDS\Projecto-LDS.csproj", "{C8A645FB-FC9C-4633-80CC-151AE7C12864}"
EndProject
Global
	GlobalSection(SolutionConfigurationPlatforms) = preSolution
		Debug|Any CPU = Debug|Any CPU
		Release|Any CPU = Release|Any CPU
	EndGlobalSection
	GlobalSection(ProjectConfigurationPlatforms) = postSolution
		{C8A645FB-FC9C-4633-80CC-151AE7C12864}.Debug|Any CPU.ActiveCfg = Debug|Any CPU
		{C8A645FB-FC9C-4633-80CC-151AE7C12864}.Debug|Any CPU.Build.0 = Debug|Any CPU
		{C8A645FB-FC9C-4633-80CC-151AE7C12864}.Release|Any CPU.ActiveCfg = Release|Any CPU
		{C8A645FB-FC9C-4633-80CC-151AE7C12864}.Release|Any CPU.Build.0 = Release|Any CPU
	EndGlobalSection
	GlobalSection(SolutionProperties) = preSolution
		HideSolutionNode = FALSE
	EndGlobalSection
	GlobalSection(ExtensibilityGlobals) = postSolution
		SolutionGuid = {A7B7679F-8109-4E4F-8C93-0C2860F2BCA5}
	EndGlobalSection
EndGlobal
